
Microsoft Visual Studio Solution File, Format Version 12.00
# Visual Studio 15
VisualStudioVersion = 15.0.26124.0
MinimumVisualStudioVersion = 15.0.26124.0
Project("{9A19103F-16F7-4668-BE54-9A1E7A4F7556}") = "MainSite", "MainSite\MainSite.csproj", "{52A4BA5A-7C83-48B4-BC68-134B4518B010}"
EndProject
Project("{9A19103F-16F7-4668-BE54-9A1E7A4F7556}") = "MainSite.Data", "MainSite.Data\MainSite.Data.csproj", "{903ADAF0-AC66-4F62-B125-001E5742B5C9}"
EndProject
Project("{9A19103F-16F7-4668-BE54-9A1E7A4F7556}") = "MainSite.Domain", "MainSite.Domain\MainSite.Domain.csproj", "{586570B6-3D72-43EC-8A4B-DB59EB2C6031}"
EndProject
Global
	GlobalSection(SolutionConfigurationPlatforms) = preSolution
		Debug|Any CPU = Debug|Any CPU
		Debug|x64 = Debug|x64
		Debug|x86 = Debug|x86
		Release|Any CPU = Release|Any CPU
		Release|x64 = Release|x64
		Release|x86 = Release|x86
	EndGlobalSection
	GlobalSection(ProjectConfigurationPlatforms) = postSolution
		{52A4BA5A-7C83-48B4-BC68-134B4518B010}.Debug|Any CPU.ActiveCfg = Debug|Any CPU
		{52A4BA5A-7C83-48B4-BC68-134B4518B010}.Debug|Any CPU.Build.0 = Debug|Any CPU
		{52A4BA5A-7C83-48B4-BC68-134B4518B010}.Debug|x64.ActiveCfg = Debug|Any CPU
		{52A4BA5A-7C83-48B4-BC68-134B4518B010}.Debug|x64.Build.0 = Debug|Any CPU
		{52A4BA5A-7C83-48B4-BC68-134B4518B010}.Debug|x86.ActiveCfg = Debug|Any CPU
		{52A4BA5A-7C83-48B4-BC68-134B4518B010}.Debug|x86.Build.0 = Debug|Any CPU
		{52A4BA5A-7C83-48B4-BC68-134B4518B010}.Release|Any CPU.ActiveCfg = Release|Any CPU
		{52A4BA5A-7C83-48B4-BC68-134B4518B010}.Release|Any CPU.Build.0 = Release|Any CPU
		{52A4BA5A-7C83-48B4-BC68-134B4518B010}.Release|x64.ActiveCfg = Release|Any CPU
		{52A4BA5A-7C83-48B4-BC68-134B4518B010}.Release|x64.Build.0 = Release|Any CPU
		{52A4BA5A-7C83-48B4-BC68-134B4518B010}.Release|x86.ActiveCfg = Release|Any CPU
		{52A4BA5A-7C83-48B4-BC68-134B4518B010}.Release|x86.Build.0 = Release|Any CPU
		{903ADAF0-AC66-4F62-B125-001E5742B5C9}.Debug|Any CPU.ActiveCfg = Debug|Any CPU
		{903ADAF0-AC66-4F62-B125-001E5742B5C9}.Debug|Any CPU.Build.0 = Debug|Any CPU
		{903ADAF0-AC66-4F62-B125-001E5742B5C9}.Debug|x64.ActiveCfg = Debug|Any CPU
		{903ADAF0-AC66-4F62-B125-001E5742B5C9}.Debug|x64.Build.0 = Debug|Any CPU
		{903ADAF0-AC66-4F62-B125-001E5742B5C9}.Debug|x86.ActiveCfg = Debug|Any CPU
		{903ADAF0-AC66-4F62-B125-001E5742B5C9}.Debug|x86.Build.0 = Debug|Any CPU
		{903ADAF0-AC66-4F62-B125-001E5742B5C9}.Release|Any CPU.ActiveCfg = Release|Any CPU
		{903ADAF0-AC66-4F62-B125-001E5742B5C9}.Release|Any CPU.Build.0 = Release|Any CPU
		{903ADAF0-AC66-4F62-B125-001E5742B5C9}.Release|x64.ActiveCfg = Release|Any CPU
		{903ADAF0-AC66-4F62-B125-001E5742B5C9}.Release|x64.Build.0 = Release|Any CPU
		{903ADAF0-AC66-4F62-B125-001E5742B5C9}.Release|x86.ActiveCfg = Release|Any CPU
		{903ADAF0-AC66-4F62-B125-001E5742B5C9}.Release|x86.Build.0 = Release|Any CPU
		{586570B6-3D72-43EC-8A4B-DB59EB2C6031}.Debug|Any CPU.ActiveCfg = Debug|Any CPU
		{586570B6-3D72-43EC-8A4B-DB59EB2C6031}.Debug|Any CPU.Build.0 = Debug|Any CPU
		{586570B6-3D72-43EC-8A4B-DB59EB2C6031}.Debug|x64.ActiveCfg = Debug|Any CPU
		{586570B6-3D72-43EC-8A4B-DB59EB2C6031}.Debug|x64.Build.0 = Debug|Any CPU
		{586570B6-3D72-43EC-8A4B-DB59EB2C6031}.Debug|x86.ActiveCfg = Debug|Any CPU
		{586570B6-3D72-43EC-8A4B-DB59EB2C6031}.Debug|x86.Build.0 = Debug|Any CPU
		{586570B6-3D72-43EC-8A4B-DB59EB2C6031}.Release|Any CPU.ActiveCfg = Release|Any CPU
		{586570B6-3D72-43EC-8A4B-DB59EB2C6031}.Release|Any CPU.Build.0 = Release|Any CPU
		{586570B6-3D72-43EC-8A4B-DB59EB2C6031}.Release|x64.ActiveCfg = Release|Any CPU
		{586570B6-3D72-43EC-8A4B-DB59EB2C6031}.Release|x64.Build.0 = Release|Any CPU
		{586570B6-3D72-43EC-8A4B-DB59EB2C6031}.Release|x86.ActiveCfg = Release|Any CPU
		{586570B6-3D72-43EC-8A4B-DB59EB2C6031}.Release|x86.Build.0 = Release|Any CPU
	EndGlobalSection
	GlobalSection(SolutionProperties) = preSolution
		HideSolutionNode = FALSE
	EndGlobalSection
	GlobalSection(ExtensibilityGlobals) = postSolution
		SolutionGuid = {5B39D46D-DBF3-4214-9A0D-B65EC5B5CFB4}
	EndGlobalSection
EndGlobal
